version = 1
revision = 3
requires-python = ">=3.8"

[[package]]
name = "django"
version = "1.11.29"
source = { registry = "https://pypi.org/simple" }
dependencies = [
    { name = "pytz" },
]
sdist = { url = "https://files.pythonhosted.org/packages/68/ab/2278a4a9404fac661be1be9627f11336613149e07fc4df0b6e929cc9f300/Django-1.11.29.tar.gz", hash = "sha256:4200aefb6678019a0acf0005cd14cfce3a5e6b9b90d06145fcdd2e474ad4329c", size = 7977916, upload-time = "2020-03-04T09:32:02.383Z" }
wheels = [
    { url = "https://files.pythonhosted.org/packages/49/49/178daa8725d29c475216259eb19e90b2aa0b8c0431af8c7e9b490ae6481d/Django-1.11.29-py2.py3-none-any.whl", hash = "sha256:014e3392058d94f40569206a24523ce254d55ad2f9f46c6550b0fe2e4f94cf3f", size = 6949937, upload-time = "2020-03-04T09:31:46.566Z" },
]

[[package]]
name = "frog8000"
version = "0.1.0"
source = { virtual = "." }
dependencies = [
    { name = "django" },
]

[package.metadata]
requires-dist = [{ name = "django", specifier = "==1.11.29" }]

[[package]]
name = "pytz"
version = "2025.2"
source = { registry = "https://pypi.org/simple" }
sdist = { url = "https://files.pythonhosted.org/packages/f8/bf/abbd3cdfb8fbc7fb3d4d38d320f2441b1e7cbe29be4f23797b4a2b5d8aac/pytz-2025.2.tar.gz", hash = "sha256:360b9e3dbb49a209c21ad61809c7fb453643e048b38924c765813546746e81c3", size = 320884, upload-time = "2025-03-25T02:25:00.538Z" }
wheels = [
    { url = "https://files.pythonhosted.org/packages/81/c4/34e93fe5f5429d7570ec1fa436f1986fb1f00c3e0f43a589fe2bbcd22c3f/pytz-2025.2-py2.py3-none-any.whl", hash = "sha256:5ddf76296dd8c44c26eb8f4b6f35488f3ccbf6fbbd7adee0b7262d43f0ec2f00", size = 509225, upload-time = "2025-03-25T02:24:58.468Z" },
]
